
Microsoft Visual Studio Solution File, Format Version 12.00
# Visual Studio Version 17
VisualStudioVersion = 17.5.33414.496
MinimumVisualStudioVersion = 10.0.40219.1
Project("{FAE04EC0-301F-11D3-BF4B-00C04F79EFBC}") = "RenewalTracker-API", "RenewalTracker-API.csproj", "{8081D00E-6CCB-4787-8329-44AAA2C525F7}"
EndProject
Global
	GlobalSection(SolutionConfigurationPlatforms) = preSolution
		Debug|Any CPU = Debug|Any CPU
		Release|Any CPU = Release|Any CPU
	EndGlobalSection
	GlobalSection(ProjectConfigurationPlatforms) = postSolution
		{8081D00E-6CCB-4787-8329-44AAA2C525F7}.Debug|Any CPU.ActiveCfg = Debug|Any CPU
		{8081D00E-6CCB-4787-8329-44AAA2C525F7}.Debug|Any CPU.Build.0 = Debug|Any CPU
		{8081D00E-6CCB-4787-8329-44AAA2C525F7}.Release|Any CPU.ActiveCfg = Release|Any CPU
		{8081D00E-6CCB-4787-8329-44AAA2C525F7}.Release|Any CPU.Build.0 = Release|Any CPU
	EndGlobalSection
	GlobalSection(SolutionProperties) = preSolution
		HideSolutionNode = FALSE
	EndGlobalSection
	GlobalSection(ExtensibilityGlobals) = postSolution
		SolutionGuid = {FB2D2312-2B0A-4125-82D3-23A7EE2312E0}
	EndGlobalSection
EndGlobal
